
Microsoft Visual Studio Solution File, Format Version 12.00
# Visual Studio Version 17
VisualStudioVersion = 17.12.35707.178
MinimumVisualStudioVersion = 10.0.40219.1
Project("{FAE04EC0-301F-11D3-BF4B-00C04F79EFBC}") = "concierge-agent-api", "concierge-agent-api\concierge-agent-api.csproj", "{472D1512-B115-469A-B208-0D913E9D11DE}"
EndProject
Project("{FAE04EC0-301F-11D3-BF4B-00C04F79EFBC}") = "EventFunction", "EventFunction\EventFunction.csproj", "{54C2C927-12C6-449C-A325-0D3DB614ACDD}"
EndProject
Global
	GlobalSection(SolutionConfigurationPlatforms) = preSolution
		Debug|Any CPU = Debug|Any CPU
		Release|Any CPU = Release|Any CPU
	EndGlobalSection
	GlobalSection(ProjectConfigurationPlatforms) = postSolution
		{472D1512-B115-469A-B208-0D913E9D11DE}.Debug|Any CPU.ActiveCfg = Debug|Any CPU
		{472D1512-B115-469A-B208-0D913E9D11DE}.Debug|Any CPU.Build.0 = Debug|Any CPU
		{472D1512-B115-469A-B208-0D913E9D11DE}.Release|Any CPU.ActiveCfg = Release|Any CPU
		{472D1512-B115-469A-B208-0D913E9D11DE}.Release|Any CPU.Build.0 = Release|Any CPU
		{54C2C927-12C6-449C-A325-0D3DB614ACDD}.Debug|Any CPU.ActiveCfg = Debug|Any CPU
		{54C2C927-12C6-449C-A325-0D3DB614ACDD}.Debug|Any CPU.Build.0 = Debug|Any CPU
		{54C2C927-12C6-449C-A325-0D3DB614ACDD}.Release|Any CPU.ActiveCfg = Release|Any CPU
		{54C2C927-12C6-449C-A325-0D3DB614ACDD}.Release|Any CPU.Build.0 = Release|Any CPU
	EndGlobalSection
	GlobalSection(SolutionProperties) = preSolution
		HideSolutionNode = FALSE
	EndGlobalSection
EndGlobal
